// !$*UTF8*$!
{
	archiveVersion = 1;
	classes = {
	};
	objectVersion = 56;
	objects = {

/* Begin PBXBuildFile section */
		D7290FD828E8225E00C54914 /* VoiceFilter.swift in Sources */ = {isa = PBXBuildFile; fileRef = D7290FD728E8225E00C54914 /* VoiceFilter.swift */; };
		D7290FDF28E823B300C54914 /* VideoPlaybackPresenter.swift in Sources */ = {isa = PBXBuildFile; fileRef = D7290FDE28E823B300C54914 /* VideoPlaybackPresenter.swift */; };
		D7290FE128E826B100C54914 /* VideoPlaybackBuilder.swift in Sources */ = {isa = PBXBuildFile; fileRef = D7290FE028E826B000C54914 /* VideoPlaybackBuilder.swift */; };
		D7290FE328E860A300C54914 /* UIControl+addAction.swift in Sources */ = {isa = PBXBuildFile; fileRef = D7290FE228E860A300C54914 /* UIControl+addAction.swift */; };
		D7774C5F28E760EA002BC076 /* AppDelegate.swift in Sources */ = {isa = PBXBuildFile; fileRef = D7774C5E28E760EA002BC076 /* AppDelegate.swift */; };
		D7774C6128E760EA002BC076 /* SceneDelegate.swift in Sources */ = {isa = PBXBuildFile; fileRef = D7774C6028E760EA002BC076 /* SceneDelegate.swift */; };
		D7774C6328E760EA002BC076 /* VideoPlaybackViewController.swift in Sources */ = {isa = PBXBuildFile; fileRef = D7774C6228E760EA002BC076 /* VideoPlaybackViewController.swift */; };
		D7774C6828E760EC002BC076 /* Assets.xcassets in Resources */ = {isa = PBXBuildFile; fileRef = D7774C6728E760EC002BC076 /* Assets.xcassets */; };
		D7774C6B28E760EC002BC076 /* LaunchScreen.storyboard in Resources */ = {isa = PBXBuildFile; fileRef = D7774C6928E760EC002BC076 /* LaunchScreen.storyboard */; };
		D7774C7B28E79250002BC076 /* UIView+pinToSuperview.swift in Sources */ = {isa = PBXBuildFile; fileRef = D7774C7A28E79250002BC076 /* UIView+pinToSuperview.swift */; };
		D79B9EA428EA5B440058196C /* ShareSource.swift in Sources */ = {isa = PBXBuildFile; fileRef = D79B9EA328EA5B440058196C /* ShareSource.swift */; };
/* End PBXBuildFile section */

/* Begin PBXFileReference section */
		D7290FD728E8225E00C54914 /* VoiceFilter.swift */ = {isa = PBXFileReference; lastKnownFileType = sourcecode.swift; path = VoiceFilter.swift; sourceTree = "<group>"; };
		D7290FDE28E823B300C54914 /* VideoPlaybackPresenter.swift */ = {isa = PBXFileReference; lastKnownFileType = sourcecode.swift; path = VideoPlaybackPresenter.swift; sourceTree = "<group>"; };
		D7290FE028E826B000C54914 /* VideoPlaybackBuilder.swift */ = {isa = PBXFileReference; lastKnownFileType = sourcecode.swift; path = VideoPlaybackBuilder.swift; sourceTree = "<group>"; };
		D7290FE228E860A300C54914 /* UIControl+addAction.swift */ = {isa = PBXFileReference; lastKnownFileType = sourcecode.swift; path = "UIControl+addAction.swift"; sourceTree = "<group>"; };
		D7774C5B28E760EA002BC076 /* VoiceFilters.app */ = {isa = PBXFileReference; explicitFileType = wrapper.application; includeInIndex = 0; path = VoiceFilters.app; sourceTree = BUILT_PRODUCTS_DIR; };
		D7774C5E28E760EA002BC076 /* AppDelegate.swift */ = {isa = PBXFileReference; lastKnownFileType = sourcecode.swift; path = AppDelegate.swift; sourceTree = "<group>"; };
		D7774C6028E760EA002BC076 /* SceneDelegate.swift */ = {isa = PBXFileReference; lastKnownFileType = sourcecode.swift; path = SceneDelegate.swift; sourceTree = "<group>"; };
		D7774C6228E760EA002BC076 /* VideoPlaybackViewController.swift */ = {isa = PBXFileReference; lastKnownFileType = sourcecode.swift; path = VideoPlaybackViewController.swift; sourceTree = "<group>"; };
		D7774C6728E760EC002BC076 /* Assets.xcassets */ = {isa = PBXFileReference; lastKnownFileType = folder.assetcatalog; path = Assets.xcassets; sourceTree = "<group>"; };
		D7774C6A28E760EC002BC076 /* Base */ = {isa = PBXFileReference; lastKnownFileType = file.storyboard; name = Base; path = Base.lproj/LaunchScreen.storyboard; sourceTree = "<group>"; };
		D7774C6C28E760EC002BC076 /* Info.plist */ = {isa = PBXFileReference; lastKnownFileType = text.plist.xml; path = Info.plist; sourceTree = "<group>"; };
		D7774C7A28E79250002BC076 /* UIView+pinToSuperview.swift */ = {isa = PBXFileReference; lastKnownFileType = sourcecode.swift; path = "UIView+pinToSuperview.swift"; sourceTree = "<group>"; };
		D79B9EA328EA5B440058196C /* ShareSource.swift */ = {isa = PBXFileReference; lastKnownFileType = sourcecode.swift; path = ShareSource.swift; sourceTree = "<group>"; };
/* End PBXFileReference section */

/* Begin PBXFrameworksBuildPhase section */
		D7774C5828E760EA002BC076 /* Frameworks */ = {
			isa = PBXFrameworksBuildPhase;
			buildActionMask = 2147483647;
			files = (
			);
			runOnlyForDeploymentPostprocessing = 0;
		};
/* End PBXFrameworksBuildPhase section */

/* Begin PBXGroup section */
		D7290FD628E8224F00C54914 /* Models */ = {
			isa = PBXGroup;
			children = (
				D7290FD728E8225E00C54914 /* VoiceFilter.swift */,
				D79B9EA328EA5B440058196C /* ShareSource.swift */,
			);
			path = Models;
			sourceTree = "<group>";
		};
		D7290FD928E8226700C54914 /* Setup */ = {
			isa = PBXGroup;
			children = (
				D7774C5E28E760EA002BC076 /* AppDelegate.swift */,
				D7774C6C28E760EC002BC076 /* Info.plist */,
				D7774C6928E760EC002BC076 /* LaunchScreen.storyboard */,
				D7774C6028E760EA002BC076 /* SceneDelegate.swift */,
			);
			path = Setup;
			sourceTree = "<group>";
		};
		D7290FDA28E822C700C54914 /* Recources */ = {
			isa = PBXGroup;
			children = (
				D7774C6728E760EC002BC076 /* Assets.xcassets */,
			);
			path = Recources;
			sourceTree = "<group>";
		};
		D7290FDB28E8236D00C54914 /* Modules */ = {
			isa = PBXGroup;
			children = (
				D7290FDC28E8237300C54914 /* VideoPlayback */,
			);
			path = Modules;
			sourceTree = "<group>";
		};
		D7290FDC28E8237300C54914 /* VideoPlayback */ = {
			isa = PBXGroup;
			children = (
				D7290FE028E826B000C54914 /* VideoPlaybackBuilder.swift */,
				D7290FDE28E823B300C54914 /* VideoPlaybackPresenter.swift */,
				D7774C6228E760EA002BC076 /* VideoPlaybackViewController.swift */,
			);
			path = VideoPlayback;
			sourceTree = "<group>";
		};
		D7774C5228E760EA002BC076 = {
			isa = PBXGroup;
			children = (
				D7774C5D28E760EA002BC076 /* VoiceFilters */,
				D7774C5C28E760EA002BC076 /* Products */,
			);
			sourceTree = "<group>";
		};
		D7774C5C28E760EA002BC076 /* Products */ = {
			isa = PBXGroup;
			children = (
				D7774C5B28E760EA002BC076 /* VoiceFilters.app */,
			);
			name = Products;
			sourceTree = "<group>";
		};
		D7774C5D28E760EA002BC076 /* VoiceFilters */ = {
			isa = PBXGroup;
			children = (
				D7774C7928E7923A002BC076 /* Extensions */,
				D7290FD628E8224F00C54914 /* Models */,
				D7290FDB28E8236D00C54914 /* Modules */,
				D7290FDA28E822C700C54914 /* Recources */,
				D7290FD928E8226700C54914 /* Setup */,
			);
			path = VoiceFilters;
			sourceTree = "<group>";
		};
		D7774C7928E7923A002BC076 /* Extensions */ = {
			isa = PBXGroup;
			children = (
				D7774C7A28E79250002BC076 /* UIView+pinToSuperview.swift */,
				D7290FE228E860A300C54914 /* UIControl+addAction.swift */,
			);
			path = Extensions;
			sourceTree = "<group>";
		};
/* End PBXGroup section */

/* Begin PBXNativeTarget section */
		D7774C5A28E760EA002BC076 /* VoiceFilters */ = {
			isa = PBXNativeTarget;
			buildConfigurationList = D7774C6F28E760EC002BC076 /* Build configuration list for PBXNativeTarget "VoiceFilters" */;
			buildPhases = (
				D7774C5728E760EA002BC076 /* Sources */,
				D7774C5828E760EA002BC076 /* Frameworks */,
				D7774C5928E760EA002BC076 /* Resources */,
			);
			buildRules = (
			);
			dependencies = (
			);
			name = VoiceFilters;
			productName = VoiceFilters;
			productReference = D7774C5B28E760EA002BC076 /* VoiceFilters.app */;
			productType = "com.apple.product-type.application";
		};
/* End PBXNativeTarget section */

/* Begin PBXProject section */
		D7774C5328E760EA002BC076 /* Project object */ = {
			isa = PBXProject;
			attributes = {
				BuildIndependentTargetsInParallel = 1;
				LastSwiftUpdateCheck = 1400;
				LastUpgradeCheck = 1400;
				TargetAttributes = {
					D7774C5A28E760EA002BC076 = {
						CreatedOnToolsVersion = 14.0;
					};
				};
			};
			buildConfigurationList = D7774C5628E760EA002BC076 /* Build configuration list for PBXProject "VoiceFilters" */;
			compatibilityVersion = "Xcode 14.0";
			developmentRegion = en;
			hasScannedForEncodings = 0;
			knownRegions = (
				en,
				Base,
			);
			mainGroup = D7774C5228E760EA002BC076;
			productRefGroup = D7774C5C28E760EA002BC076 /* Products */;
			projectDirPath = "";
			projectRoot = "";
			targets = (
				D7774C5A28E760EA002BC076 /* VoiceFilters */,
			);
		};
/* End PBXProject section */

/* Begin PBXResourcesBuildPhase section */
		D7774C5928E760EA002BC076 /* Resources */ = {
			isa = PBXResourcesBuildPhase;
			buildActionMask = 2147483647;
			files = (
				D7774C6B28E760EC002BC076 /* LaunchScreen.storyboard in Resources */,
				D7774C6828E760EC002BC076 /* Assets.xcassets in Resources */,
			);
			runOnlyForDeploymentPostprocessing = 0;
		};
/* End PBXResourcesBuildPhase section */

/* Begin PBXSourcesBuildPhase section */
		D7774C5728E760EA002BC076 /* Sources */ = {
			isa = PBXSourcesBuildPhase;
			buildActionMask = 2147483647;
			files = (
				D79B9EA428EA5B440058196C /* ShareSource.swift in Sources */,
				D7290FD828E8225E00C54914 /* VoiceFilter.swift in Sources */,
				D7290FE128E826B100C54914 /* VideoPlaybackBuilder.swift in Sources */,
				D7774C6328E760EA002BC076 /* VideoPlaybackViewController.swift in Sources */,
				D7774C7B28E79250002BC076 /* UIView+pinToSuperview.swift in Sources */,
				D7290FE328E860A300C54914 /* UIControl+addAction.swift in Sources */,
				D7774C5F28E760EA002BC076 /* AppDelegate.swift in Sources */,
				D7290FDF28E823B300C54914 /* VideoPlaybackPresenter.swift in Sources */,
				D7774C6128E760EA002BC076 /* SceneDelegate.swift in Sources */,
			);
			runOnlyForDeploymentPostprocessing = 0;
		};
/* End PBXSourcesBuildPhase section */

/* Begin PBXVariantGroup section */
		D7774C6928E760EC002BC076 /* LaunchScreen.storyboard */ = {
			isa = PBXVariantGroup;
			children = (
				D7774C6A28E760EC002BC076 /* Base */,
			);
			name = LaunchScreen.storyboard;
			sourceTree = "<group>";
		};
/* End PBXVariantGroup section */

/* Begin XCBuildConfiguration section */
		D7774C6D28E760EC002BC076 /* Debug */ = {
			isa = XCBuildConfiguration;
			buildSettings = {
				ALWAYS_SEARCH_USER_PATHS = NO;
				CLANG_ANALYZER_NONNULL = YES;
				CLANG_ANALYZER_NUMBER_OBJECT_CONVERSION = YES_AGGRESSIVE;
				CLANG_CXX_LANGUAGE_STANDARD = "gnu++20";
				CLANG_ENABLE_MODULES = YES;
				CLANG_ENABLE_OBJC_ARC = YES;
				CLANG_ENABLE_OBJC_WEAK = YES;
				CLANG_WARN_BLOCK_CAPTURE_AUTORELEASING = YES;
				CLANG_WARN_BOOL_CONVERSION = YES;
				CLANG_WARN_COMMA = YES;
				CLANG_WARN_CONSTANT_CONVERSION = YES;
				CLANG_WARN_DEPRECATED_OBJC_IMPLEMENTATIONS = YES;
				CLANG_WARN_DIRECT_OBJC_ISA_USAGE = YES_ERROR;
				CLANG_WARN_DOCUMENTATION_COMMENTS = YES;
				CLANG_WARN_EMPTY_BODY = YES;
				CLANG_WARN_ENUM_CONVERSION = YES;
				CLANG_WARN_INFINITE_RECURSION = YES;
				CLANG_WARN_INT_CONVERSION = YES;
				CLANG_WARN_NON_LITERAL_NULL_CONVERSION = YES;
				CLANG_WARN_OBJC_IMPLICIT_RETAIN_SELF = YES;
				CLANG_WARN_OBJC_LITERAL_CONVERSION = YES;
				CLANG_WARN_OBJC_ROOT_CLASS = YES_ERROR;
				CLANG_WARN_QUOTED_INCLUDE_IN_FRAMEWORK_HEADER = YES;
				CLANG_WARN_RANGE_LOOP_ANALYSIS = YES;
				CLANG_WARN_STRICT_PROTOTYPES = YES;
				CLANG_WARN_SUSPICIOUS_MOVE = YES;
				CLANG_WARN_UNGUARDED_AVAILABILITY = YES_AGGRESSIVE;
				CLANG_WARN_UNREACHABLE_CODE = YES;
				CLANG_WARN__DUPLICATE_METHOD_MATCH = YES;
				COPY_PHASE_STRIP = NO;
				DEBUG_INFORMATION_FORMAT = dwarf;
				ENABLE_STRICT_OBJC_MSGSEND = YES;
				ENABLE_TESTABILITY = YES;
				GCC_C_LANGUAGE_STANDARD = gnu11;
				GCC_DYNAMIC_NO_PIC = NO;
				GCC_NO_COMMON_BLOCKS = YES;
				GCC_OPTIMIZATION_LEVEL = 0;
				GCC_PREPROCESSOR_DEFINITIONS = (
					"DEBUG=1",
					"$(inherited)",
				);
				GCC_WARN_64_TO_32_BIT_CONVERSION = YES;
				GCC_WARN_ABOUT_RETURN_TYPE = YES_ERROR;
				GCC_WARN_UNDECLARED_SELECTOR = YES;
				GCC_WARN_UNINITIALIZED_AUTOS = YES_AGGRESSIVE;
				GCC_WARN_UNUSED_FUNCTION = YES;
				GCC_WARN_UNUSED_VARIABLE = YES;
				IPHONEOS_DEPLOYMENT_TARGET = 12.0;
				MTL_ENABLE_DEBUG_INFO = INCLUDE_SOURCE;
				MTL_FAST_MATH = YES;
				ONLY_ACTIVE_ARCH = YES;
				SDKROOT = iphoneos;
				SWIFT_ACTIVE_COMPILATION_CONDITIONS = DEBUG;
				SWIFT_OPTIMIZATION_LEVEL = "-Onone";
			};
			name = Debug;
		};
		D7774C6E28E760EC002BC076 /* Release */ = {
			isa = XCBuildConfiguration;
			buildSettings = {
				ALWAYS_SEARCH_USER_PATHS = NO;
				CLANG_ANALYZER_NONNULL = YES;
				CLANG_ANALYZER_NUMBER_OBJECT_CONVERSION = YES_AGGRESSIVE;
				CLANG_CXX_LANGUAGE_STANDARD = "gnu++20";
				CLANG_ENABLE_MODULES = YES;
				CLANG_ENABLE_OBJC_ARC = YES;
				CLANG_ENABLE_OBJC_WEAK = YES;
				CLANG_WARN_BLOCK_CAPTURE_AUTORELEASING = YES;
				CLANG_WARN_BOOL_CONVERSION = YES;
				CLANG_WARN_COMMA = YES;
				CLANG_WARN_CONSTANT_CONVERSION = YES;
				CLANG_WARN_DEPRECATED_OBJC_IMPLEMENTATIONS = YES;
				CLANG_WARN_DIRECT_OBJC_ISA_USAGE = YES_ERROR;
				CLANG_WARN_DOCUMENTATION_COMMENTS = YES;
				CLANG_WARN_EMPTY_BODY = YES;
				CLANG_WARN_ENUM_CONVERSION = YES;
				CLANG_WARN_INFINITE_RECURSION = YES;
				CLANG_WARN_INT_CONVERSION = YES;
				CLANG_WARN_NON_LITERAL_NULL_CONVERSION = YES;
				CLANG_WARN_OBJC_IMPLICIT_RETAIN_SELF = YES;
				CLANG_WARN_OBJC_LITERAL_CONVERSION = YES;
				CLANG_WARN_OBJC_ROOT_CLASS = YES_ERROR;
				CLANG_WARN_QUOTED_INCLUDE_IN_FRAMEWORK_HEADER = YES;
				CLANG_WARN_RANGE_LOOP_ANALYSIS = YES;
				CLANG_WARN_STRICT_PROTOTYPES = YES;
				CLANG_WARN_SUSPICIOUS_MOVE = YES;
				CLANG_WARN_UNGUARDED_AVAILABILITY = YES_AGGRESSIVE;
				CLANG_WARN_UNREACHABLE_CODE = YES;
				CLANG_WARN__DUPLICATE_METHOD_MATCH = YES;
				COPY_PHASE_STRIP = NO;
				DEBUG_INFORMATION_FORMAT = "dwarf-with-dsym";
				ENABLE_NS_ASSERTIONS = NO;
				ENABLE_STRICT_OBJC_MSGSEND = YES;
				GCC_C_LANGUAGE_STANDARD = gnu11;
				GCC_NO_COMMON_BLOCKS = YES;
				GCC_WARN_64_TO_32_BIT_CONVERSION = YES;
				GCC_WARN_ABOUT_RETURN_TYPE = YES_ERROR;
				GCC_WARN_UNDECLARED_SELECTOR = YES;
				GCC_WARN_UNINITIALIZED_AUTOS = YES_AGGRESSIVE;
				GCC_WARN_UNUSED_FUNCTION = YES;
				GCC_WARN_UNUSED_VARIABLE = YES;
				IPHONEOS_DEPLOYMENT_TARGET = 12.0;
				MTL_ENABLE_DEBUG_INFO = NO;
				MTL_FAST_MATH = YES;
				SDKROOT = iphoneos;
				SWIFT_COMPILATION_MODE = wholemodule;
				SWIFT_OPTIMIZATION_LEVEL = "-O";
				VALIDATE_PRODUCT = YES;
			};
			name = Release;
		};
		D7774C7028E760EC002BC076 /* Debug */ = {
			isa = XCBuildConfiguration;
			buildSettings = {
				ASSETCATALOG_COMPILER_APPICON_NAME = AppIcon;
				ASSETCATALOG_COMPILER_GLOBAL_ACCENT_COLOR_NAME = AccentColor;
				CODE_SIGN_STYLE = Automatic;
				CURRENT_PROJECT_VERSION = 1;
				DEVELOPMENT_TEAM = R486S2NFSK;
				GENERATE_INFOPLIST_FILE = YES;
				INFOPLIST_FILE = VoiceFilters/Setup/Info.plist;
				INFOPLIST_KEY_NSCameraUsageDescription = "This app wants to record videos.";
				INFOPLIST_KEY_NSMicrophoneUsageDescription = "This app wants to record sound.";
				INFOPLIST_KEY_NSPhotoLibraryUsageDescription = "This app wants to use your video library.";
				INFOPLIST_KEY_UIApplicationSupportsIndirectInputEvents = YES;
				INFOPLIST_KEY_UILaunchStoryboardName = LaunchScreen;
				INFOPLIST_KEY_UISupportedInterfaceOrientations = UIInterfaceOrientationPortrait;
				INFOPLIST_KEY_UISupportedInterfaceOrientations_iPad = "UIInterfaceOrientationLandscapeLeft UIInterfaceOrientationLandscapeRight UIInterfaceOrientationPortrait UIInterfaceOrientationPortraitUpsideDown";
				LD_RUNPATH_SEARCH_PATHS = (
					"$(inherited)",
					"@executable_path/Frameworks",
				);
				MARKETING_VERSION = 1.0;
				PRODUCT_BUNDLE_IDENTIFIER = Edgar.Serobyan.VoiceFilters;
				PRODUCT_NAME = "$(TARGET_NAME)";
				SWIFT_EMIT_LOC_STRINGS = YES;
				SWIFT_VERSION = 5.0;
				TARGETED_DEVICE_FAMILY = "1,2";
			};
			name = Debug;
		};
		D7774C7128E760EC002BC076 /* Release */ = {
			isa = XCBuildConfiguration;
			buildSettings = {
				ASSETCATALOG_COMPILER_APPICON_NAME = AppIcon;
				ASSETCATALOG_COMPILER_GLOBAL_ACCENT_COLOR_NAME = AccentColor;
				CODE_SIGN_STYLE = Automatic;
				CURRENT_PROJECT_VERSION = 1;
				DEVELOPMENT_TEAM = R486S2NFSK;
				GENERATE_INFOPLIST_FILE = YES;
				INFOPLIST_FILE = VoiceFilters/Setup/Info.plist;
				INFOPLIST_KEY_NSCameraUsageDescription = "This app wants to record videos.";
				INFOPLIST_KEY_NSMicrophoneUsageDescription = "This app wants to record sound.";
				INFOPLIST_KEY_NSPhotoLibraryUsageDescription = "This app wants to use your video library.";
				INFOPLIST_KEY_UIApplicationSupportsIndirectInputEvents = YES;
				INFOPLIST_KEY_UILaunchStoryboardName = LaunchScreen;
				INFOPLIST_KEY_UISupportedInterfaceOrientations = UIInterfaceOrientationPortrait;
				INFOPLIST_KEY_UISupportedInterfaceOrientations_iPad = "UIInterfaceOrientationLandscapeLeft UIInterfaceOrientationLandscapeRight UIInterfaceOrientationPortrait UIInterfaceOrientationPortraitUpsideDown";
				LD_RUNPATH_SEARCH_PATHS = (
					"$(inherited)",
					"@executable_path/Frameworks",
				);
				MARKETING_VERSION = 1.0;
				PRODUCT_BUNDLE_IDENTIFIER = Edgar.Serobyan.VoiceFilters;
				PRODUCT_NAME = "$(TARGET_NAME)";
				SWIFT_EMIT_LOC_STRINGS = YES;
				SWIFT_VERSION = 5.0;
				TARGETED_DEVICE_FAMILY = "1,2";
			};
			name = Release;
		};
/* End XCBuildConfiguration section */

/* Begin XCConfigurationList section */
		D7774C5628E760EA002BC076 /* Build configuration list for PBXProject "VoiceFilters" */ = {
			isa = XCConfigurationList;
			buildConfigurations = (
				D7774C6D28E760EC002BC076 /* Debug */,
				D7774C6E28E760EC002BC076 /* Release */,
			);
			defaultConfigurationIsVisible = 0;
			defaultConfigurationName = Release;
		};
		D7774C6F28E760EC002BC076 /* Build configuration list for PBXNativeTarget "VoiceFilters" */ = {
			isa = XCConfigurationList;
			buildConfigurations = (
				D7774C7028E760EC002BC076 /* Debug */,
				D7774C7128E760EC002BC076 /* Release */,
			);
			defaultConfigurationIsVisible = 0;
			defaultConfigurationName = Release;
		};
/* End XCConfigurationList section */
	};
	rootObject = D7774C5328E760EA002BC076 /* Project object */;
}
